
Microsoft Visual Studio Solution File, Format Version 12.00
# Visual Studio Version 16
VisualStudioVersion = 16.0.30114.105
MinimumVisualStudioVersion = 10.0.40219.1
Project("{FAE04EC0-301F-11D3-BF4B-00C04F79EFBC}") = "Squares of a Sorted Array", "Squares of a Sorted Array\Squares of a Sorted Array.csproj", "{23704C2B-BC3E-4C75-A2DC-8824CDEF6E0B}"
EndProject
Global
	GlobalSection(SolutionConfigurationPlatforms) = preSolution
		Debug|Any CPU = Debug|Any CPU
		Release|Any CPU = Release|Any CPU
	EndGlobalSection
	GlobalSection(ProjectConfigurationPlatforms) = postSolution
		{23704C2B-BC3E-4C75-A2DC-8824CDEF6E0B}.Debug|Any CPU.ActiveCfg = Debug|Any CPU
		{23704C2B-BC3E-4C75-A2DC-8824CDEF6E0B}.Debug|Any CPU.Build.0 = Debug|Any CPU
		{23704C2B-BC3E-4C75-A2DC-8824CDEF6E0B}.Release|Any CPU.ActiveCfg = Release|Any CPU
		{23704C2B-BC3E-4C75-A2DC-8824CDEF6E0B}.Release|Any CPU.Build.0 = Release|Any CPU
	EndGlobalSection
	GlobalSection(SolutionProperties) = preSolution
		HideSolutionNode = FALSE
	EndGlobalSection
	GlobalSection(ExtensibilityGlobals) = postSolution
		SolutionGuid = {A24F5B86-059E-414C-A6D7-870ECC17DBEC}
	EndGlobalSection
EndGlobal
